
Microsoft Visual Studio Solution File, Format Version 12.00
# Visual Studio Version 16
VisualStudioVersion = 16.0.31613.86
MinimumVisualStudioVersion = 10.0.40219.1
Project("{FAE04EC0-301F-11D3-BF4B-00C04F79EFBC}") = "Repaso", "Repaso\Repaso.csproj", "{0077302C-1035-45D9-8FD6-8CF199228B20}"
EndProject
Global
	GlobalSection(SolutionConfigurationPlatforms) = preSolution
		Debug|Any CPU = Debug|Any CPU
		Release|Any CPU = Release|Any CPU
	EndGlobalSection
	GlobalSection(ProjectConfigurationPlatforms) = postSolution
		{0077302C-1035-45D9-8FD6-8CF199228B20}.Debug|Any CPU.ActiveCfg = Debug|Any CPU
		{0077302C-1035-45D9-8FD6-8CF199228B20}.Debug|Any CPU.Build.0 = Debug|Any CPU
		{0077302C-1035-45D9-8FD6-8CF199228B20}.Release|Any CPU.ActiveCfg = Release|Any CPU
		{0077302C-1035-45D9-8FD6-8CF199228B20}.Release|Any CPU.Build.0 = Release|Any CPU
	EndGlobalSection
	GlobalSection(SolutionProperties) = preSolution
		HideSolutionNode = FALSE
	EndGlobalSection
	GlobalSection(ExtensibilityGlobals) = postSolution
		SolutionGuid = {B95F7C9A-CDA3-476C-8AA7-1711D324FB8A}
	EndGlobalSection
EndGlobal
